
Microsoft Visual Studio Solution File, Format Version 12.00
# Visual Studio 15
VisualStudioVersion = 15.0.28010.2003
MinimumVisualStudioVersion = 10.0.40219.1
Project("{FAE04EC0-301F-11D3-BF4B-00C04F79EFBC}") = "Vinitore.WebApp", "Vinitore.WebApp\Vinitore.WebApp.csproj", "{AB7A53BF-E1E2-4D2A-9D41-A84FB21722E5}"
EndProject
Global
	GlobalSection(SolutionConfigurationPlatforms) = preSolution
		Debug|Any CPU = Debug|Any CPU
		Release|Any CPU = Release|Any CPU
	EndGlobalSection
	GlobalSection(ProjectConfigurationPlatforms) = postSolution
		{AB7A53BF-E1E2-4D2A-9D41-A84FB21722E5}.Debug|Any CPU.ActiveCfg = Debug|Any CPU
		{AB7A53BF-E1E2-4D2A-9D41-A84FB21722E5}.Debug|Any CPU.Build.0 = Debug|Any CPU
		{AB7A53BF-E1E2-4D2A-9D41-A84FB21722E5}.Release|Any CPU.ActiveCfg = Release|Any CPU
		{AB7A53BF-E1E2-4D2A-9D41-A84FB21722E5}.Release|Any CPU.Build.0 = Release|Any CPU
	EndGlobalSection
	GlobalSection(SolutionProperties) = preSolution
		HideSolutionNode = FALSE
	EndGlobalSection
	GlobalSection(ExtensibilityGlobals) = postSolution
		SolutionGuid = {B53DC94C-3D8A-46CF-9F95-2F46D3C7F0B8}
	EndGlobalSection
EndGlobal
