
Microsoft Visual Studio Solution File, Format Version 12.00
# Visual Studio 15
VisualStudioVersion = 15.0.28010.2003
MinimumVisualStudioVersion = 10.0.40219.1
Project("{9A19103F-16F7-4668-BE54-9A1E7A4F7556}") = "Vinitore.WebApp", "Vinitore.WebApp\Vinitore.WebApp.csproj", "{AB7A53BF-E1E2-4D2A-9D41-A84FB21722E5}"
EndProject
Project("{FAE04EC0-301F-11D3-BF4B-00C04F79EFBC}") = "Vinitore.Infrastructure", "Vinitore.Infrastructure\Vinitore.Infrastructure.csproj", "{F514B511-9B97-4907-A882-4523D025C59C}"
EndProject
Project("{9A19103F-16F7-4668-BE54-9A1E7A4F7556}") = "Vinitore.Domain", "Vinitore.Domain\Vinitore.Domain.csproj", "{51A2D553-7B9D-4D03-83FB-56AF712FAEB0}"
EndProject
Global
	GlobalSection(SolutionConfigurationPlatforms) = preSolution
		Debug|Any CPU = Debug|Any CPU
		Release|Any CPU = Release|Any CPU
	EndGlobalSection
	GlobalSection(ProjectConfigurationPlatforms) = postSolution
		{AB7A53BF-E1E2-4D2A-9D41-A84FB21722E5}.Debug|Any CPU.ActiveCfg = Debug|Any CPU
		{AB7A53BF-E1E2-4D2A-9D41-A84FB21722E5}.Debug|Any CPU.Build.0 = Debug|Any CPU
		{AB7A53BF-E1E2-4D2A-9D41-A84FB21722E5}.Release|Any CPU.ActiveCfg = Release|Any CPU
		{AB7A53BF-E1E2-4D2A-9D41-A84FB21722E5}.Release|Any CPU.Build.0 = Release|Any CPU
		{F514B511-9B97-4907-A882-4523D025C59C}.Debug|Any CPU.ActiveCfg = Debug|Any CPU
		{F514B511-9B97-4907-A882-4523D025C59C}.Debug|Any CPU.Build.0 = Debug|Any CPU
		{F514B511-9B97-4907-A882-4523D025C59C}.Release|Any CPU.ActiveCfg = Release|Any CPU
		{F514B511-9B97-4907-A882-4523D025C59C}.Release|Any CPU.Build.0 = Release|Any CPU
		{51A2D553-7B9D-4D03-83FB-56AF712FAEB0}.Debug|Any CPU.ActiveCfg = Debug|Any CPU
		{51A2D553-7B9D-4D03-83FB-56AF712FAEB0}.Debug|Any CPU.Build.0 = Debug|Any CPU
		{51A2D553-7B9D-4D03-83FB-56AF712FAEB0}.Release|Any CPU.ActiveCfg = Release|Any CPU
		{51A2D553-7B9D-4D03-83FB-56AF712FAEB0}.Release|Any CPU.Build.0 = Release|Any CPU
	EndGlobalSection
	GlobalSection(SolutionProperties) = preSolution
		HideSolutionNode = FALSE
	EndGlobalSection
	GlobalSection(ExtensibilityGlobals) = postSolution
		SolutionGuid = {B53DC94C-3D8A-46CF-9F95-2F46D3C7F0B8}
	EndGlobalSection
EndGlobal
